
Microsoft Visual Studio Solution File, Format Version 12.00
# Visual Studio Version 17
VisualStudioVersion = 17.0.32014.148
MinimumVisualStudioVersion = 10.0.40219.1
Project("{FAE04EC0-301F-11D3-BF4B-00C04F79EFBC}") = "HonkaiHub", "src\HonkaiHub.csproj", "{15155910-08A4-46DD-B84F-4C268DD67BDD}"
EndProject
Global
	GlobalSection(SolutionConfigurationPlatforms) = preSolution
		Debug|Any CPU = Debug|Any CPU
		Release|Any CPU = Release|Any CPU
	EndGlobalSection
	GlobalSection(ProjectConfigurationPlatforms) = postSolution
		{15155910-08A4-46DD-B84F-4C268DD67BDD}.Debug|Any CPU.ActiveCfg = Debug|Any CPU
		{15155910-08A4-46DD-B84F-4C268DD67BDD}.Debug|Any CPU.Build.0 = Debug|Any CPU
		{15155910-08A4-46DD-B84F-4C268DD67BDD}.Release|Any CPU.ActiveCfg = Release|Any CPU
		{15155910-08A4-46DD-B84F-4C268DD67BDD}.Release|Any CPU.Build.0 = Release|Any CPU
	EndGlobalSection
	GlobalSection(SolutionProperties) = preSolution
		HideSolutionNode = FALSE
	EndGlobalSection
	GlobalSection(ExtensibilityGlobals) = postSolution
		SolutionGuid = {F2E00FC8-CAA2-4854-9163-7E117BA72A02}
	EndGlobalSection
EndGlobal
